PODS:
  - Reachability (3.2)
  - SDWebImage (3.7.3):
    - SDWebImage/Core (= 3.7.3)
  - SDWebImage/Core (3.7.3)
  - THCache (0.9.1)

DEPENDENCIES:
  - Reachability (~> 3.2)
  - SDWebImage (~> 3.7.1)
  - THCache

SPEC CHECKSUMS:
  Reachability: 33e18b67625424e47b6cde6d202dce689ad7af96
  SDWebImage: 1d2b1a1efda1ade1b00b6f8498865f8ddedc8a84
  THCache: 7e23f78df992f8f3021fbb10b80f8371082e7276

COCOAPODS: 0.39.0
