PODS:
  - Reachability (3.2)
  - SDWebImage (3.7.2):
    - SDWebImage/Core (= 3.7.2)
  - SDWebImage/Core (3.7.2)
  - THCache (0.9.0)

DEPENDENCIES:
  - Reachability (~> 3.2)
  - SDWebImage (~> 3.7.1)
  - THCache (~> 0.9.0)

SPEC CHECKSUMS:
  Reachability: 33e18b67625424e47b6cde6d202dce689ad7af96
  SDWebImage: 71b7cdc1d1721d6a82ed62889030225f2c249e29
  THCache: a8edfd366257c6b6943788feb902258aa6aa9a6b

COCOAPODS: 0.37.2
